
Microsoft Visual Studio Solution File, Format Version 12.00
# Visual Studio Version 17
VisualStudioVersion = 17.14.36408.4 d17.14
MinimumVisualStudioVersion = 10.0.40219.1
Project("{FAE04EC0-301F-11D3-BF4B-00C04F79EFBC}") = "week2.GuessTheNumber", "week2.GuessTheNumber\week2.GuessTheNumber.csproj", "{A09AD928-B437-47C5-8404-5BD328B198B5}"
EndProject
Global
	GlobalSection(SolutionConfigurationPlatforms) = preSolution
		Debug|Any CPU = Debug|Any CPU
		Release|Any CPU = Release|Any CPU
	EndGlobalSection
	GlobalSection(ProjectConfigurationPlatforms) = postSolution
		{A09AD928-B437-47C5-8404-5BD328B198B5}.Debug|Any CPU.ActiveCfg = Debug|Any CPU
		{A09AD928-B437-47C5-8404-5BD328B198B5}.Debug|Any CPU.Build.0 = Debug|Any CPU
		{A09AD928-B437-47C5-8404-5BD328B198B5}.Release|Any CPU.ActiveCfg = Release|Any CPU
		{A09AD928-B437-47C5-8404-5BD328B198B5}.Release|Any CPU.Build.0 = Release|Any CPU
	EndGlobalSection
	GlobalSection(SolutionProperties) = preSolution
		HideSolutionNode = FALSE
	EndGlobalSection
	GlobalSection(ExtensibilityGlobals) = postSolution
		SolutionGuid = {74A63166-C0A2-4378-B2BE-8CAF2390FD40}
	EndGlobalSection
EndGlobal
